
Microsoft Visual Studio Solution File, Format Version 12.00
# Visual Studio Version 16
VisualStudioVersion = 16.0.28922.388
MinimumVisualStudioVersion = 10.0.40219.1
Project("{FAE04EC0-301F-11D3-BF4B-00C04F79EFBC}") = "AreaPerNoahC", "AreaPerNoahC\AreaPerNoahC.csproj", "{377D8199-E0B7-4A54-B67A-2C8363EB3DA8}"
EndProject
Global
	GlobalSection(SolutionConfigurationPlatforms) = preSolution
		Debug|Any CPU = Debug|Any CPU
		Release|Any CPU = Release|Any CPU
	EndGlobalSection
	GlobalSection(ProjectConfigurationPlatforms) = postSolution
		{377D8199-E0B7-4A54-B67A-2C8363EB3DA8}.Debug|Any CPU.ActiveCfg = Debug|Any CPU
		{377D8199-E0B7-4A54-B67A-2C8363EB3DA8}.Debug|Any CPU.Build.0 = Debug|Any CPU
		{377D8199-E0B7-4A54-B67A-2C8363EB3DA8}.Release|Any CPU.ActiveCfg = Release|Any CPU
		{377D8199-E0B7-4A54-B67A-2C8363EB3DA8}.Release|Any CPU.Build.0 = Release|Any CPU
	EndGlobalSection
	GlobalSection(SolutionProperties) = preSolution
		HideSolutionNode = FALSE
	EndGlobalSection
	GlobalSection(ExtensibilityGlobals) = postSolution
		SolutionGuid = {F293D56E-1D1D-454C-84AC-A6E9415C2441}
	EndGlobalSection
EndGlobal
